
Microsoft Visual Studio Solution File, Format Version 12.00
# Visual Studio Version 16
VisualStudioVersion = 16.0.29519.87
MinimumVisualStudioVersion = 10.0.40219.1
Project("{FAE04EC0-301F-11D3-BF4B-00C04F79EFBC}") = "WebALA", "WebALA.csproj", "{6DE95700-7E08-4E08-8EF9-10DA19B5826B}"
EndProject
Global
	GlobalSection(SolutionConfigurationPlatforms) = preSolution
		Debug|Any CPU = Debug|Any CPU
		Release|Any CPU = Release|Any CPU
	EndGlobalSection
	GlobalSection(ProjectConfigurationPlatforms) = postSolution
		{6DE95700-7E08-4E08-8EF9-10DA19B5826B}.Debug|Any CPU.ActiveCfg = Debug|Any CPU
		{6DE95700-7E08-4E08-8EF9-10DA19B5826B}.Debug|Any CPU.Build.0 = Debug|Any CPU
		{6DE95700-7E08-4E08-8EF9-10DA19B5826B}.Release|Any CPU.ActiveCfg = Release|Any CPU
		{6DE95700-7E08-4E08-8EF9-10DA19B5826B}.Release|Any CPU.Build.0 = Release|Any CPU
	EndGlobalSection
	GlobalSection(SolutionProperties) = preSolution
		HideSolutionNode = FALSE
	EndGlobalSection
	GlobalSection(ExtensibilityGlobals) = postSolution
		SolutionGuid = {0451F083-057E-49E5-B58A-DE6C0E58DBA9}
	EndGlobalSection
EndGlobal
